
Microsoft Visual Studio Solution File, Format Version 12.00
# Visual Studio 2013
VisualStudioVersion = 12.0.31101.0
MinimumVisualStudioVersion = 10.0.40219.1
Project("{8BC9CEB8-8B4A-11D0-8D11-00A0C91BC942}") = "Source2ResourceDecompiler", "Source2ResourceDecompiler.vcxproj", "{8EA29BB9-2393-4E50-BF00-87BC7D4C4F17}"
EndProject
Project("{8BC9CEB8-8B4A-11D0-8D11-00A0C91BC942}") = "PanoramaCompiler", "PanoramaCompiler\PanoramaCompiler.vcxproj", "{6172C829-0FC4-43F0-8615-695866FCF679}"
EndProject
Global
	GlobalSection(SolutionConfigurationPlatforms) = preSolution
		Debug|Any CPU = Debug|Any CPU
		Debug|Mixed Platforms = Debug|Mixed Platforms
		Debug|Win32 = Debug|Win32
		Release|Any CPU = Release|Any CPU
		Release|Mixed Platforms = Release|Mixed Platforms
		Release|Win32 = Release|Win32
	EndGlobalSection
	GlobalSection(ProjectConfigurationPlatforms) = postSolution
		{8EA29BB9-2393-4E50-BF00-87BC7D4C4F17}.Debug|Any CPU.ActiveCfg = Debug|Win32
		{8EA29BB9-2393-4E50-BF00-87BC7D4C4F17}.Debug|Mixed Platforms.ActiveCfg = Debug|Win32
		{8EA29BB9-2393-4E50-BF00-87BC7D4C4F17}.Debug|Mixed Platforms.Build.0 = Debug|Win32
		{8EA29BB9-2393-4E50-BF00-87BC7D4C4F17}.Debug|Win32.ActiveCfg = Debug|Win32
		{8EA29BB9-2393-4E50-BF00-87BC7D4C4F17}.Debug|Win32.Build.0 = Debug|Win32
		{8EA29BB9-2393-4E50-BF00-87BC7D4C4F17}.Release|Any CPU.ActiveCfg = Release|Win32
		{8EA29BB9-2393-4E50-BF00-87BC7D4C4F17}.Release|Mixed Platforms.ActiveCfg = Release|Win32
		{8EA29BB9-2393-4E50-BF00-87BC7D4C4F17}.Release|Mixed Platforms.Build.0 = Release|Win32
		{8EA29BB9-2393-4E50-BF00-87BC7D4C4F17}.Release|Win32.ActiveCfg = Release|Win32
		{8EA29BB9-2393-4E50-BF00-87BC7D4C4F17}.Release|Win32.Build.0 = Release|Win32
		{6172C829-0FC4-43F0-8615-695866FCF679}.Debug|Any CPU.ActiveCfg = Debug|Win32
		{6172C829-0FC4-43F0-8615-695866FCF679}.Debug|Mixed Platforms.ActiveCfg = Debug|Win32
		{6172C829-0FC4-43F0-8615-695866FCF679}.Debug|Mixed Platforms.Build.0 = Debug|Win32
		{6172C829-0FC4-43F0-8615-695866FCF679}.Debug|Win32.ActiveCfg = Debug|Win32
		{6172C829-0FC4-43F0-8615-695866FCF679}.Debug|Win32.Build.0 = Debug|Win32
		{6172C829-0FC4-43F0-8615-695866FCF679}.Release|Any CPU.ActiveCfg = Release|Win32
		{6172C829-0FC4-43F0-8615-695866FCF679}.Release|Mixed Platforms.ActiveCfg = Release|Win32
		{6172C829-0FC4-43F0-8615-695866FCF679}.Release|Mixed Platforms.Build.0 = Release|Win32
		{6172C829-0FC4-43F0-8615-695866FCF679}.Release|Win32.ActiveCfg = Release|Win32
		{6172C829-0FC4-43F0-8615-695866FCF679}.Release|Win32.Build.0 = Release|Win32
	EndGlobalSection
	GlobalSection(SolutionProperties) = preSolution
		HideSolutionNode = FALSE
	EndGlobalSection
EndGlobal
